
Microsoft Visual Studio Solution File, Format Version 12.00
# Visual Studio Version 16
VisualStudioVersion = 16.0.30907.101
MinimumVisualStudioVersion = 10.0.40219.1
Project("{FAE04EC0-301F-11D3-BF4B-00C04F79EFBC}") = "RobotsAPI", "RobotsAPI.csproj", "{CDC5C000-79A0-4DCA-8402-64C7612AA726}"
EndProject
Global
	GlobalSection(SolutionConfigurationPlatforms) = preSolution
		Debug|Any CPU = Debug|Any CPU
		Release|Any CPU = Release|Any CPU
	EndGlobalSection
	GlobalSection(ProjectConfigurationPlatforms) = postSolution
		{CDC5C000-79A0-4DCA-8402-64C7612AA726}.Debug|Any CPU.ActiveCfg = Debug|Any CPU
		{CDC5C000-79A0-4DCA-8402-64C7612AA726}.Debug|Any CPU.Build.0 = Debug|Any CPU
		{CDC5C000-79A0-4DCA-8402-64C7612AA726}.Release|Any CPU.ActiveCfg = Release|Any CPU
		{CDC5C000-79A0-4DCA-8402-64C7612AA726}.Release|Any CPU.Build.0 = Release|Any CPU
	EndGlobalSection
	GlobalSection(SolutionProperties) = preSolution
		HideSolutionNode = FALSE
	EndGlobalSection
	GlobalSection(ExtensibilityGlobals) = postSolution
		SolutionGuid = {DF508566-504E-47B4-9045-56AE3796D90F}
	EndGlobalSection
EndGlobal
